
Microsoft Visual Studio Solution File, Format Version 12.00
# Visual Studio Version 17
VisualStudioVersion = 17.14.36301.6 d17.14
MinimumVisualStudioVersion = 10.0.40219.1
Project("{FAE04EC0-301F-11D3-BF4B-00C04F79EFBC}") = "ai_categorisation", "ai_categorisation.csproj", "{8C80FE2B-21FF-4335-B5C0-A10E0B220B0C}"
EndProject
Global
	GlobalSection(SolutionConfigurationPlatforms) = preSolution
		Debug|Any CPU = Debug|Any CPU
		Release|Any CPU = Release|Any CPU
	EndGlobalSection
	GlobalSection(ProjectConfigurationPlatforms) = postSolution
		{8C80FE2B-21FF-4335-B5C0-A10E0B220B0C}.Debug|Any CPU.ActiveCfg = Debug|Any CPU
		{8C80FE2B-21FF-4335-B5C0-A10E0B220B0C}.Debug|Any CPU.Build.0 = Debug|Any CPU
		{8C80FE2B-21FF-4335-B5C0-A10E0B220B0C}.Release|Any CPU.ActiveCfg = Release|Any CPU
		{8C80FE2B-21FF-4335-B5C0-A10E0B220B0C}.Release|Any CPU.Build.0 = Release|Any CPU
	EndGlobalSection
	GlobalSection(SolutionProperties) = preSolution
		HideSolutionNode = FALSE
	EndGlobalSection
	GlobalSection(ExtensibilityGlobals) = postSolution
		SolutionGuid = {262217A1-63BE-4A28-AAD3-9A01AB02A762}
	EndGlobalSection
EndGlobal
